
Microsoft Visual Studio Solution File, Format Version 12.00
# Visual Studio Version 17
VisualStudioVersion = 17.4.33213.308
MinimumVisualStudioVersion = 10.0.40219.1
Project("{FAE04EC0-301F-11D3-BF4B-00C04F79EFBC}") = "BooksDemo", "BooksDemo\BooksDemo.csproj", "{6B13573B-2B8B-477A-B389-55AB72AA47F7}"
EndProject
Global
	GlobalSection(SolutionConfigurationPlatforms) = preSolution
		Debug|Any CPU = Debug|Any CPU
		Release|Any CPU = Release|Any CPU
	EndGlobalSection
	GlobalSection(ProjectConfigurationPlatforms) = postSolution
		{6B13573B-2B8B-477A-B389-55AB72AA47F7}.Debug|Any CPU.ActiveCfg = Debug|Any CPU
		{6B13573B-2B8B-477A-B389-55AB72AA47F7}.Debug|Any CPU.Build.0 = Debug|Any CPU
		{6B13573B-2B8B-477A-B389-55AB72AA47F7}.Release|Any CPU.ActiveCfg = Release|Any CPU
		{6B13573B-2B8B-477A-B389-55AB72AA47F7}.Release|Any CPU.Build.0 = Release|Any CPU
	EndGlobalSection
	GlobalSection(SolutionProperties) = preSolution
		HideSolutionNode = FALSE
	EndGlobalSection
	GlobalSection(ExtensibilityGlobals) = postSolution
		SolutionGuid = {F7CBA568-1CFF-4826-937B-AD8AF94663F2}
	EndGlobalSection
EndGlobal
